
Microsoft Visual Studio Solution File, Format Version 12.00
# Visual Studio Version 16
VisualStudioVersion = 16.0.29509.3
MinimumVisualStudioVersion = 10.0.40219.1
Project("{FAE04EC0-301F-11D3-BF4B-00C04F79EFBC}") = "TaskLink12Server", "TaskLink12Server\TaskLink12Server.csproj", "{F1277D61-3EE7-4948-95CB-B70C01373C66}"
EndProject
Project("{FAE04EC0-301F-11D3-BF4B-00C04F79EFBC}") = "TaskLink12Client", "TaskLink12Client\TaskLink12Client.csproj", "{979D6E00-BA01-44AA-9843-6459FEC86252}"
EndProject
Project("{2150E333-8FDC-42A3-9474-1A3956D46DE8}") = "NewFolder1", "NewFolder1", "{87FABFD4-E836-4EFF-BE37-0B9AF8B88D18}"
EndProject
Global
	GlobalSection(SolutionConfigurationPlatforms) = preSolution
		Debug|Any CPU = Debug|Any CPU
		Release|Any CPU = Release|Any CPU
	EndGlobalSection
	GlobalSection(ProjectConfigurationPlatforms) = postSolution
		{F1277D61-3EE7-4948-95CB-B70C01373C66}.Debug|Any CPU.ActiveCfg = Debug|Any CPU
		{F1277D61-3EE7-4948-95CB-B70C01373C66}.Debug|Any CPU.Build.0 = Debug|Any CPU
		{F1277D61-3EE7-4948-95CB-B70C01373C66}.Release|Any CPU.ActiveCfg = Release|Any CPU
		{F1277D61-3EE7-4948-95CB-B70C01373C66}.Release|Any CPU.Build.0 = Release|Any CPU
		{979D6E00-BA01-44AA-9843-6459FEC86252}.Debug|Any CPU.ActiveCfg = Debug|Any CPU
		{979D6E00-BA01-44AA-9843-6459FEC86252}.Debug|Any CPU.Build.0 = Debug|Any CPU
		{979D6E00-BA01-44AA-9843-6459FEC86252}.Release|Any CPU.ActiveCfg = Release|Any CPU
		{979D6E00-BA01-44AA-9843-6459FEC86252}.Release|Any CPU.Build.0 = Release|Any CPU
	EndGlobalSection
	GlobalSection(SolutionProperties) = preSolution
		HideSolutionNode = FALSE
	EndGlobalSection
	GlobalSection(ExtensibilityGlobals) = postSolution
		SolutionGuid = {86C27069-D197-4F83-8BA7-8296564DC6BA}
	EndGlobalSection
EndGlobal
